version = 1
revision = 3
requires-python = "==3.11.*"

[[package]]
name = "arrow"
version = "1.4.0"
source = { registry = "https://pypi.org/simple" }
dependencies = [
    { name = "python-dateutil" },
    { name = "tzdata" },
]
sdist = { url = "https://files.pythonhosted.org/packages/b9/33/032cdc44182491aa708d06a68b62434140d8c50820a087fac7af37703357/arrow-1.4.0.tar.gz", hash = "sha256:ed0cc050e98001b8779e84d461b0098c4ac597e88704a655582b21d116e526d7", size = 152931, upload-time = "2025-10-18T17:46:46.761Z" }
wheels = [
    { url = "https://files.pythonhosted.org/packages/ed/c9/d7977eaacb9df673210491da99e6a247e93df98c715fc43fd136ce1d3d33/arrow-1.4.0-py3-none-any.whl", hash = "sha256:749f0769958ebdc79c173ff0b0670d59051a535fa26e8eba02953dc19eb43205", size = 68797, upload-time = "2025-10-18T17:46:45.663Z" },
]

[[package]]
name = "binaryornot"
version = "0.6.0"
source = { registry = "https://pypi.org/simple" }
sdist = { url = "https://files.pythonhosted.org/packages/86/72/4755b85101f37707c71526a301c1203e413c715a0016ecb592de3d2dcfff/binaryornot-0.6.0.tar.gz", hash = "sha256:cc8d57cfa71d74ff8c28a7726734d53a851d02fad9e3a5581fb807f989f702f0", size = 478718, upload-time = "2026-03-08T16:26:28.804Z" }
wheels = [
    { url = "https://files.pythonhosted.org/packages/cd/0c/31cfaa6b56fe23488ecb993bc9fc526c0d84d89607decdf2a10776426c2e/binaryornot-0.6.0-py3-none-any.whl", hash = "sha256:900adfd5e1b821255ba7e63139b0396b14c88b9286e74e03b6f51e0200331337", size = 14185, upload-time = "2026-03-08T16:26:27.466Z" },
]

[[package]]
name = "certifi"
version = "2026.2.25"
source = { registry = "https://pypi.org/simple" }
sdist = { url = "https://files.pythonhosted.org/packages/af/2d/7bf41579a8986e348fa033a31cdd0e4121114f6bce2457e8876010b092dd/certifi-2026.2.25.tar.gz", hash = "sha256:e887ab5cee78ea814d3472169153c2d12cd43b14bd03329a39a9c6e2e80bfba7", size = 155029, upload-time = "2026-02-25T02:54:17.342Z" }
wheels = [
    { url = "https://files.pythonhosted.org/packages/9a/3c/c17fb3ca2d9c3acff52e30b309f538586f9f5b9c9cf454f3845fc9af4881/certifi-2026.2.25-py3-none-any.whl", hash = "sha256:027692e4402ad994f1c42e52a4997a9763c646b73e4096e4d5d6db8af1d6f0fa", size = 153684, upload-time = "2026-02-25T02:54:15.766Z" },
]

[[package]]
name = "charset-normalizer"
version = "3.4.5"
source = { registry = "https://pypi.org/simple" }
sdist = { url = "https://files.pythonhosted.org/packages/1d/35/02daf95b9cd686320bb622eb148792655c9412dbb9b67abb5694e5910a24/charset_normalizer-3.4.5.tar.gz", hash = "sha256:95adae7b6c42a6c5b5b559b1a99149f090a57128155daeea91732c8d970d8644", size = 134804, upload-time = "2026-03-06T06:03:19.46Z" }
wheels = [
    { url = "https://files.pythonhosted.org/packages/8f/9e/bcec3b22c64ecec47d39bf5167c2613efd41898c019dccd4183f6aa5d6a7/charset_normalizer-3.4.5-cp311-cp311-macosx_10_9_universal2.whl", hash = "sha256:610f72c0ee565dfb8ae1241b666119582fdbfe7c0975c175be719f940e110694", size = 279531, upload-time = "2026-03-06T06:00:52.252Z" },
    { url = "https://files.pythonhosted.org/packages/58/12/81fd25f7e7078ab5d1eedbb0fac44be4904ae3370a3bf4533c8f2d159acd/charset_normalizer-3.4.5-cp311-cp311-manylinux2014_aarch64.manylinux_2_17_aarch64.manylinux_2_28_aarch64.whl", hash = "sha256:60d68e820af339df4ae8358c7a2e7596badeb61e544438e489035f9fbf3246a5", size = 188006, upload-time = "2026-03-06T06:00:53.8Z" },
    { url = "https://files.pythonhosted.org/packages/ae/6e/f2d30e8c27c1b0736a6520311982cf5286cfc7f6cac77d7bc1325e3a23f2/charset_normalizer-3.4.5-cp311-cp311-manylinux2014_ppc64le.manylinux_2_17_ppc64le.manylinux_2_28_ppc64le.whl", hash = "sha256:10b473fc8dca1c3ad8559985794815f06ca3fc71942c969129070f2c3cdf7281", size = 205085, upload-time = "2026-03-06T06:00:55.311Z" },
    { url = "https://files.pythonhosted.org/packages/d0/90/d12cefcb53b5931e2cf792a33718d7126efb116a320eaa0742c7059a95e4/charset_normalizer-3.4.5-cp311-cp311-manylinux2014_s390x.manylinux_2_17_s390x.manylinux_2_28_s390x.whl", hash = "sha256:d4eb8ac7469b2a5d64b5b8c04f84d8bf3ad340f4514b98523805cbf46e3b3923", size = 200545, upload-time = "2026-03-06T06:00:56.532Z" },
    { url = "https://files.pythonhosted.org/packages/03/f4/44d3b830a20e89ff82a3134912d9a1cf6084d64f3b95dcad40f74449a654/charset_normalizer-3.4.5-cp311-cp311-manylinux2014_x86_64.manylinux_2_17_x86_64.manylinux_2_28_x86_64.whl", hash = "sha256:5bcb3227c3d9aaf73eaaab1db7ccd80a8995c509ee9941e2aae060ca6e4e5d81", size = 193863, upload-time = "2026-03-06T06:00:57.823Z" },
    { url = "https://files.pythonhosted.org/packages/25/4b/f212119c18a6320a9d4a730d1b4057875cdeabf21b3614f76549042ef8a8/charset_normalizer-3.4.5-cp311-cp311-manylinux_2_31_armv7l.whl", hash = "sha256:75ee9c1cce2911581a70a3c0919d8bccf5b1cbc9b0e5171400ec736b4b569497", size = 181827, upload-time = "2026-03-06T06:00:59.323Z" },
    { url = "https://files.pythonhosted.org/packages/74/00/b26158e48b425a202a92965f8069e8a63d9af1481dfa206825d7f74d2a3c/charset_normalizer-3.4.5-cp311-cp311-manylinux_2_31_riscv64.manylinux_2_39_riscv64.whl", hash = "sha256:1d1401945cb77787dbd3af2446ff2d75912327c4c3a1526ab7955ecf8600687c", size = 191085, upload-time = "2026-03-06T06:01:00.546Z" },
    { url = "https://files.pythonhosted.org/packages/c4/c2/1c1737bf6fd40335fe53d28fe49afd99ee4143cc57a845e99635ce0b9b6d/charset_normalizer-3.4.5-cp311-cp311-musllinux_1_2_aarch64.whl", hash = "sha256:0a45e504f5e1be0bd385935a8e1507c442349ca36f511a47057a71c9d1d6ea9e", size = 190688, upload-time = "2026-03-06T06:01:02.479Z" },
    { url = "https://files.pythonhosted.org/packages/5a/3d/abb5c22dc2ef493cd56522f811246a63c5427c08f3e3e50ab663de27fcf4/charset_normalizer-3.4.5-cp311-cp311-musllinux_1_2_armv7l.whl", hash = "sha256:e09f671a54ce70b79a1fc1dc6da3072b7ef7251fadb894ed92d9aa8218465a5f", size = 183077, upload-time = "2026-03-06T06:01:04.231Z" },
    { url = "https://files.pythonhosted.org/packages/44/33/5298ad4d419a58e25b3508e87f2758d1442ff00c2471f8e0403dab8edad5/charset_normalizer-3.4.5-cp311-cp311-musllinux_1_2_ppc64le.whl", hash = "sha256:d01de5e768328646e6a3fa9e562706f8f6641708c115c62588aef2b941a4f88e", size = 206706, upload-time = "2026-03-06T06:01:05.773Z" },
    { url = "https://files.pythonhosted.org/packages/7b/17/51e7895ac0f87c3b91d276a449ef09f5532a7529818f59646d7a55089432/charset_normalizer-3.4.5-cp311-cp311-musllinux_1_2_riscv64.whl", hash = "sha256:131716d6786ad5e3dc542f5cc6f397ba3339dc0fb87f87ac30e550e8987756af", size = 191665, upload-time = "2026-03-06T06:01:07.473Z" },
    { url = "https://files.pythonhosted.org/packages/90/8f/cce9adf1883e98906dbae380d769b4852bb0fa0004bc7d7a2243418d3ea8/charset_normalizer-3.4.5-cp311-cp311-musllinux_1_2_s390x.whl", hash = "sha256:1a374cc0b88aa710e8865dc1bd6edb3743c59f27830f0293ab101e4cf3ce9f85", size = 201950, upload-time = "2026-03-06T06:01:08.973Z" },
    { url = "https://files.pythonhosted.org/packages/08/ca/bce99cd5c397a52919e2769d126723f27a4c037130374c051c00470bcd38/charset_normalizer-3.4.5-cp311-cp311-musllinux_1_2_x86_64.whl", hash = "sha256:d31f0d1671e1534e395f9eb84a68e0fb670e1edb1fe819a9d7f564ae3bc4e53f", size = 195830, upload-time = "2026-03-06T06:01:10.155Z" },
    { url = "https://files.pythonhosted.org/packages/87/4f/2e3d023a06911f1281f97b8f036edc9872167036ca6f55cc874a0be6c12c/charset_normalizer-3.4.5-cp311-cp311-win32.whl", hash = "sha256:cace89841c0599d736d3d74a27bc5821288bb47c5441923277afc6059d7fbcb4", size = 132029, upload-time = "2026-03-06T06:01:11.706Z" },
    { url = "https://files.pythonhosted.org/packages/fe/1f/a853b73d386521fd44b7f67ded6b17b7b2367067d9106a5c4b44f9a34274/charset_normalizer-3.4.5-cp311-cp311-win_amd64.whl", hash = "sha256:f8102ae93c0bc863b1d41ea0f4499c20a83229f52ed870850892df555187154a", size = 142404, upload-time = "2026-03-06T06:01:12.865Z" },
    { url = "https://files.pythonhosted.org/packages/b4/10/dba36f76b71c38e9d391abe0fd8a5b818790e053c431adecfc98c35cd2a9/charset_normalizer-3.4.5-cp311-cp311-win_arm64.whl", hash = "sha256:ed98364e1c262cf5f9363c3eca8c2df37024f52a8fa1180a3610014f26eac51c", size = 132796, upload-time = "2026-03-06T06:01:14.106Z" },
    { url = "https://files.pythonhosted.org/packages/c5/60/3a621758945513adfd4db86827a5bafcc615f913dbd0b4c2ed64a65731be/charset_normalizer-3.4.5-py3-none-any.whl", hash = "sha256:9db5e3fcdcee89a78c04dffb3fe33c79f77bd741a624946db2591c81b2fc85b0", size = 55455, upload-time = "2026-03-06T06:03:17.827Z" },
]

[[package]]
name = "click"
version = "8.3.1"
source = { registry = "https://pypi.org/simple" }
dependencies = [
    { name = "colorama", marker = "sys_platform == 'win32'" },
]
sdist = { url = "https://files.pythonhosted.org/packages/3d/fa/656b739db8587d7b5dfa22e22ed02566950fbfbcdc20311993483657a5c0/click-8.3.1.tar.gz", hash = "sha256:12ff4785d337a1bb490bb7e9c2b1ee5da3112e94a8622f26a6c77f5d2fc6842a", size = 295065, upload-time = "2025-11-15T20:45:42.706Z" }
wheels = [
    { url = "https://files.pythonhosted.org/packages/98/78/01c019cdb5d6498122777c1a43056ebb3ebfeef2076d9d026bfe15583b2b/click-8.3.1-py3-none-any.whl", hash = "sha256:981153a64e25f12d547d3426c367a4857371575ee7ad18df2a6183ab0545b2a6", size = 108274, upload-time = "2025-11-15T20:45:41.139Z" },
]

[[package]]
name = "colorama"
version = "0.4.6"
source = { registry = "https://pypi.org/simple" }
sdist = { url = "https://files.pythonhosted.org/packages/d8/53/6f443c9a4a8358a93a6792e2acffb9d9d5cb0a5cfd8802644b7b1c9a02e4/colorama-0.4.6.tar.gz", hash = "sha256:08695f5cb7ed6e0531a20572697297273c47b8cae5a63ffc6d6ed5c201be6e44", size = 27697, upload-time = "2022-10-25T02:36:22.414Z" }
wheels = [
    { url = "https://files.pythonhosted.org/packages/d1/d6/3965ed04c63042e047cb6a3e6ed1a63a35087b6a609aa3a15ed8ac56c221/colorama-0.4.6-py2.py3-none-any.whl", hash = "sha256:4f1d9991f5acc0ca119f9d443620b77f9d6b33703e51011c16baf57afb285fc6", size = 25335, upload-time = "2022-10-25T02:36:20.889Z" },
]

[[package]]
name = "colorlog"
version = "6.10.1"
source = { registry = "https://pypi.org/simple" }
dependencies = [
    { name = "colorama", marker = "sys_platform == 'win32'" },
]
sdist = { url = "https://files.pythonhosted.org/packages/a2/61/f083b5ac52e505dfc1c624eafbf8c7589a0d7f32daa398d2e7590efa5fda/colorlog-6.10.1.tar.gz", hash = "sha256:eb4ae5cb65fe7fec7773c2306061a8e63e02efc2c72eba9d27b0fa23c94f1321", size = 17162, upload-time = "2025-10-16T16:14:11.978Z" }
wheels = [
    { url = "https://files.pythonhosted.org/packages/6d/c1/e419ef3723a074172b68aaa89c9f3de486ed4c2399e2dbd8113a4fdcaf9e/colorlog-6.10.1-py3-none-any.whl", hash = "sha256:2d7e8348291948af66122cff006c9f8da6255d224e7cf8e37d8de2df3bad8c9c", size = 11743, upload-time = "2025-10-16T16:14:10.512Z" },
]

[[package]]
name = "cookiecutter"
version = "2.7.1"
source = { registry = "https://pypi.org/simple" }
dependencies = [
    { name = "arrow" },
    { name = "binaryornot" },
    { name = "click" },
    { name = "jinja2" },
    { name = "python-slugify" },
    { name = "pyyaml" },
    { name = "requests" },
    { name = "rich" },
]
sdist = { url = "https://files.pythonhosted.org/packages/92/03/f4c96d8fd4f5e8af0210bf896eb63927f35d3014a8e8f3bf9d2c43ad3332/cookiecutter-2.7.1.tar.gz", hash = "sha256:ca7bb7bc8c6ff441fbf53921b5537668000e38d56e28d763a1b73975c66c6138", size = 142854, upload-time = "2026-03-04T04:06:02.786Z" }
wheels = [
    { url = "https://files.pythonhosted.org/packages/14/a9/8c855c14b401dc67d20739345295af5afce5e930a69600ab20f6cfa50b5c/cookiecutter-2.7.1-py3-none-any.whl", hash = "sha256:cee50defc1eaa7ad0071ee9b9893b746c1b3201b66bf4d3686d0f127c8ed6cf9", size = 41317, upload-time = "2026-03-04T04:06:01.221Z" },
]

[[package]]
name = "fprime-bootstrap"
version = "1.5.2"
source = { registry = "https://pypi.org/simple" }
sdist = { url = "https://files.pythonhosted.org/packages/e0/30/0e911bb074c0ec4146e8519dc3d42cc390f7b3d4134acfcbd45cf497c6d3/fprime_bootstrap-1.5.2.tar.gz", hash = "sha256:3a280e2ff64d24afafc8140c4465ee7b710b0e772a0d79b5123aaa554b3f122d", size = 22703, upload-time = "2025-12-10T21:56:19.585Z" }
wheels = [
    { url = "https://files.pythonhosted.org/packages/6f/29/0b9ebbb6ffd54dc8a11a80f23f9ae3cc0f46725d5574a51b8d3841a08947/fprime_bootstrap-1.5.2-py3-none-any.whl", hash = "sha256:1ea129bde17d2b22cda66e40545dc7d08312987e19319ede24e3870d48a8e8a5", size = 22726, upload-time = "2025-12-10T21:56:18.268Z" },
]

[[package]]
name = "fprime-sx1280-demos"
version = "0.1.0"
source = { virtual = "." }
dependencies = [
    { name = "fprime-bootstrap" },
    { name = "fprime-tools" },
]

[package.metadata]
requires-dist = [
    { name = "fprime-bootstrap" },
    { name = "fprime-tools" },
]

[[package]]
name = "fprime-tools"
version = "4.1.0"
source = { registry = "https://pypi.org/simple" }
dependencies = [
    { name = "cookiecutter" },
    { name = "gcovr" },
    { name = "markdown" },
    { name = "pexpect" },
    { name = "pytest" },
    { name = "requests" },
    { name = "urllib3" },
]
sdist = { url = "https://files.pythonhosted.org/packages/f4/83/c98ad4970210cf6d8f13462728075ccf6df6bfdb498a37a82e1aaeed895f/fprime_tools-4.1.0.tar.gz", hash = "sha256:a28b20602e077f9171e6b67b606b6c4e05e3ab9d25e5ab9cec5448c6a16d185b", size = 120913, upload-time = "2025-12-03T02:21:21.651Z" }
wheels = [
    { url = "https://files.pythonhosted.org/packages/20/0f/6c93f72686cf2d5584e6f916976f3f97c522dafcba4e8e7f9e1678d3d66e/fprime_tools-4.1.0-py3-none-any.whl", hash = "sha256:f302d0c839d583e1c70fb27a1867b5c9c1e99e6b634948469acd2781b4eee732", size = 125318, upload-time = "2025-12-03T02:21:20.428Z" },
]

[[package]]
name = "gcovr"
version = "8.6"
source = { registry = "https://pypi.org/simple" }
dependencies = [
    { name = "colorlog" },
    { name = "jinja2" },
    { name = "lxml" },
    { name = "pygments" },
]
sdist = { url = "https://files.pythonhosted.org/packages/07/37/b4a87dff166dc0a5002e9d03fcb6ca8eeff048247b011b67f047e31122c9/gcovr-8.6.tar.gz", hash = "sha256:b2e7042abca9321cadbab8a06eb34d19f801b831557b28cdc30a029313de8b9e", size = 199997, upload-time = "2026-01-13T20:04:30.019Z" }
wheels = [
    { url = "https://files.pythonhosted.org/packages/92/be/f722c843e7875c7cf92cf0e0c1604cddda55a70278c768c6327a78fdba79/gcovr-8.6-py3-none-any.whl", hash = "sha256:dbf9d87c38042752ad6f530aa8210427e22b526611bb7b7bfed0e81977d1f1ef", size = 254618, upload-time = "2026-01-13T20:04:28.15Z" },
]

[[package]]
name = "idna"
version = "3.11"
source = { registry = "https://pypi.org/simple" }
sdist = { url = "https://files.pythonhosted.org/packages/6f/6d/0703ccc57f3a7233505399edb88de3cbd678da106337b9fcde432b65ed60/idna-3.11.tar.gz", hash = "sha256:795dafcc9c04ed0c1fb032c2aa73654d8e8c5023a7df64a53f39190ada629902", size = 194582, upload-time = "2025-10-12T14:55:20.501Z" }
wheels = [
    { url = "https://files.pythonhosted.org/packages/0e/61/66938bbb5fc52dbdf84594873d5b51fb1f7c7794e9c0f5bd885f30bc507b/idna-3.11-py3-none-any.whl", hash = "sha256:771a87f49d9defaf64091e6e6fe9c18d4833f140bd19464795bc32d966ca37ea", size = 71008, upload-time = "2025-10-12T14:55:18.883Z" },
]

[[package]]
name = "iniconfig"
version = "2.3.0"
source = { registry = "https://pypi.org/simple" }
sdist = { url = "https://files.pythonhosted.org/packages/72/34/14ca021ce8e5dfedc35312d08ba8bf51fdd999c576889fc2c24cb97f4f10/iniconfig-2.3.0.tar.gz", hash = "sha256:c76315c77db068650d49c5b56314774a7804df16fee4402c1f19d6d15d8c4730", size = 20503, upload-time = "2025-10-18T21:55:43.219Z" }
wheels = [
    { url = "https://files.pythonhosted.org/packages/cb/b1/3846dd7f199d53cb17f49cba7e651e9ce294d8497c8c150530ed11865bb8/iniconfig-2.3.0-py3-none-any.whl", hash = "sha256:f631c04d2c48c52b84d0d0549c99ff3859c98df65b3101406327ecc7d53fbf12", size = 7484, upload-time = "2025-10-18T21:55:41.639Z" },
]

[[package]]
name = "jinja2"
version = "3.1.6"
source = { registry = "https://pypi.org/simple" }
dependencies = [
    { name = "markupsafe" },
]
sdist = { url = "https://files.pythonhosted.org/packages/df/bf/f7da0350254c0ed7c72f3e33cef02e048281fec7ecec5f032d4aac52226b/jinja2-3.1.6.tar.gz", hash = "sha256:0137fb05990d35f1275a587e9aee6d56da821fc83491a0fb838183be43f66d6d", size = 245115, upload-time = "2025-03-05T20:05:02.478Z" }
wheels = [
    { url = "https://files.pythonhosted.org/packages/62/a1/3d680cbfd5f4b8f15abc1d571870c5fc3e594bb582bc3b64ea099db13e56/jinja2-3.1.6-py3-none-any.whl", hash = "sha256:85ece4451f492d0c13c5dd7c13a64681a86afae63a5f347908daf103ce6d2f67", size = 134899, upload-time = "2025-03-05T20:05:00.369Z" },
]

[[package]]
name = "lxml"
version = "6.0.2"
source = { registry = "https://pypi.org/simple" }
sdist = { url = "https://files.pythonhosted.org/packages/aa/88/262177de60548e5a2bfc46ad28232c9e9cbde697bd94132aeb80364675cb/lxml-6.0.2.tar.gz", hash = "sha256:cd79f3367bd74b317dda655dc8fcfa304d9eb6e4fb06b7168c5cf27f96e0cd62", size = 4073426, upload-time = "2025-09-22T04:04:59.287Z" }
wheels = [
    { url = "https://files.pythonhosted.org/packages/77/d5/becbe1e2569b474a23f0c672ead8a29ac50b2dc1d5b9de184831bda8d14c/lxml-6.0.2-cp311-cp311-macosx_10_9_universal2.whl", hash = "sha256:13e35cbc684aadf05d8711a5d1b5857c92e5e580efa9a0d2be197199c8def607", size = 8634365, upload-time = "2025-09-22T04:00:45.672Z" },
    { url = "https://files.pythonhosted.org/packages/28/66/1ced58f12e804644426b85d0bb8a4478ca77bc1761455da310505f1a3526/lxml-6.0.2-cp311-cp311-macosx_10_9_x86_64.whl", hash = "sha256:3b1675e096e17c6fe9c0e8c81434f5736c0739ff9ac6123c87c2d452f48fc938", size = 4650793, upload-time = "2025-09-22T04:00:47.783Z" },
    { url = "https://files.pythonhosted.org/packages/11/84/549098ffea39dfd167e3f174b4ce983d0eed61f9d8d25b7bf2a57c3247fc/lxml-6.0.2-cp311-cp311-manylinux2014_aarch64.manylinux_2_17_aarch64.whl", hash = "sha256:8ac6e5811ae2870953390452e3476694196f98d447573234592d30488147404d", size = 4944362, upload-time = "2025-09-22T04:00:49.845Z" },
    { url = "https://files.pythonhosted.org/packages/ac/bd/f207f16abf9749d2037453d56b643a7471d8fde855a231a12d1e095c4f01/lxml-6.0.2-cp311-cp311-manylinux2014_x86_64.manylinux_2_17_x86_64.whl", hash = "sha256:5aa0fc67ae19d7a64c3fe725dc9a1bb11f80e01f78289d05c6f62545affec438", size = 5083152, upload-time = "2025-09-22T04:00:51.709Z" },
    { url = "https://files.pythonhosted.org/packages/15/ae/bd813e87d8941d52ad5b65071b1affb48da01c4ed3c9c99e40abb266fbff/lxml-6.0.2-cp311-cp311-manylinux_2_26_aarch64.manylinux_2_28_aarch64.whl", hash = "sha256:de496365750cc472b4e7902a485d3f152ecf57bd3ba03ddd5578ed8ceb4c5964", size = 5023539, upload-time = "2025-09-22T04:00:53.593Z" },
    { url = "https://files.pythonhosted.org/packages/02/cd/9bfef16bd1d874fbe0cb51afb00329540f30a3283beb9f0780adbb7eec03/lxml-6.0.2-cp311-cp311-manylinux_2_26_i686.manylinux_2_28_i686.whl", hash = "sha256:200069a593c5e40b8f6fc0d84d86d970ba43138c3e68619ffa234bc9bb806a4d", size = 5344853, upload-time = "2025-09-22T04:00:55.524Z" },
    { url = "https://files.pythonhosted.org/packages/b8/89/ea8f91594bc5dbb879734d35a6f2b0ad50605d7fb419de2b63d4211765cc/lxml-6.0.2-cp311-cp311-manylinux_2_26_x86_64.manylinux_2_28_x86_64.whl", hash = "sha256:7d2de809c2ee3b888b59f995625385f74629707c9355e0ff856445cdcae682b7", size = 5225133, upload-time = "2025-09-22T04:00:57.269Z" },
    { url = "https://files.pythonhosted.org/packages/b9/37/9c735274f5dbec726b2db99b98a43950395ba3d4a1043083dba2ad814170/lxml-6.0.2-cp311-cp311-manylinux_2_31_armv7l.whl", hash = "sha256:b2c3da8d93cf5db60e8858c17684c47d01fee6405e554fb55018dd85fc23b178", size = 4677944, upload-time = "2025-09-22T04:00:59.052Z" },
    { url = "https://files.pythonhosted.org/packages/20/28/7dfe1ba3475d8bfca3878365075abe002e05d40dfaaeb7ec01b4c587d533/lxml-6.0.2-cp311-cp311-manylinux_2_38_riscv64.manylinux_2_39_riscv64.whl", hash = "sha256:442de7530296ef5e188373a1ea5789a46ce90c4847e597856570439621d9c553", size = 5284535, upload-time = "2025-09-22T04:01:01.335Z" },
    { url = "https://files.pythonhosted.org/packages/e7/cf/5f14bc0de763498fc29510e3532bf2b4b3a1c1d5d0dff2e900c16ba021ef/lxml-6.0.2-cp311-cp311-musllinux_1_2_aarch64.whl", hash = "sha256:2593c77efde7bfea7f6389f1ab249b15ed4aa5bc5cb5131faa3b843c429fbedb", size = 5067343, upload-time = "2025-09-22T04:01:03.13Z" },
    { url = "https://files.pythonhosted.org/packages/1c/b0/bb8275ab5472f32b28cfbbcc6db7c9d092482d3439ca279d8d6fa02f7025/lxml-6.0.2-cp311-cp311-musllinux_1_2_armv7l.whl", hash = "sha256:3e3cb08855967a20f553ff32d147e14329b3ae70ced6edc2f282b94afbc74b2a", size = 4725419, upload-time = "2025-09-22T04:01:05.013Z" },
    { url = "https://files.pythonhosted.org/packages/25/4c/7c222753bc72edca3b99dbadba1b064209bc8ed4ad448af990e60dcce462/lxml-6.0.2-cp311-cp311-musllinux_1_2_riscv64.whl", hash = "sha256:2ed6c667fcbb8c19c6791bbf40b7268ef8ddf5a96940ba9404b9f9a304832f6c", size = 5275008, upload-time = "2025-09-22T04:01:07.327Z" },
    { url = "https://files.pythonhosted.org/packages/6c/8c/478a0dc6b6ed661451379447cdbec77c05741a75736d97e5b2b729687828/lxml-6.0.2-cp311-cp311-musllinux_1_2_x86_64.whl", hash = "sha256:b8f18914faec94132e5b91e69d76a5c1d7b0c73e2489ea8929c4aaa10b76bbf7", size = 5248906, upload-time = "2025-09-22T04:01:09.452Z" },
    { url = "https://files.pythonhosted.org/packages/2d/d9/5be3a6ab2784cdf9accb0703b65e1b64fcdd9311c9f007630c7db0cfcce1/lxml-6.0.2-cp311-cp311-win32.whl", hash = "sha256:6605c604e6daa9e0d7f0a2137bdc47a2e93b59c60a65466353e37f8272f47c46", size = 3610357, upload-time = "2025-09-22T04:01:11.102Z" },
    { url = "https://files.pythonhosted.org/packages/e2/7d/ca6fb13349b473d5732fb0ee3eec8f6c80fc0688e76b7d79c1008481bf1f/lxml-6.0.2-cp311-cp311-win_amd64.whl", hash = "sha256:e5867f2651016a3afd8dd2c8238baa66f1e2802f44bc17e236f547ace6647078", size = 4036583, upload-time = "2025-09-22T04:01:12.766Z" },
    { url = "https://files.pythonhosted.org/packages/ab/a2/51363b5ecd3eab46563645f3a2c3836a2fc67d01a1b87c5017040f39f567/lxml-6.0.2-cp311-cp311-win_arm64.whl", hash = "sha256:4197fb2534ee05fd3e7afaab5d8bfd6c2e186f65ea7f9cd6a82809c887bd1285", size = 3680591, upload-time = "2025-09-22T04:01:14.874Z" },
    { url = "https://files.pythonhosted.org/packages/0b/11/29d08bc103a62c0eba8016e7ed5aeebbf1e4312e83b0b1648dd203b0e87d/lxml-6.0.2-pp311-pypy311_pp73-macosx_10_15_x86_64.whl", hash = "sha256:1c06035eafa8404b5cf475bb37a9f6088b0aca288d4ccc9d69389750d5543700", size = 3949829, upload-time = "2025-09-22T04:04:45.608Z" },
    { url = "https://files.pythonhosted.org/packages/12/b3/52ab9a3b31e5ab8238da241baa19eec44d2ab426532441ee607165aebb52/lxml-6.0.2-pp311-pypy311_pp73-manylinux2014_aarch64.manylinux_2_17_aarch64.whl", hash = "sha256:c7d13103045de1bdd6fe5d61802565f1a3537d70cd3abf596aa0af62761921ee", size = 4226277, upload-time = "2025-09-22T04:04:47.754Z" },
    { url = "https://files.pythonhosted.org/packages/a0/33/1eaf780c1baad88224611df13b1c2a9dfa460b526cacfe769103ff50d845/lxml-6.0.2-pp311-pypy311_pp73-manylinux2014_x86_64.manylinux_2_17_x86_64.whl", hash = "sha256:0a3c150a95fbe5ac91de323aa756219ef9cf7fde5a3f00e2281e30f33fa5fa4f", size = 4330433, upload-time = "2025-09-22T04:04:49.907Z" },
    { url = "https://files.pythonhosted.org/packages/7a/c1/27428a2ff348e994ab4f8777d3a0ad510b6b92d37718e5887d2da99952a2/lxml-6.0.2-pp311-pypy311_pp73-manylinux_2_26_aarch64.manylinux_2_28_aarch64.whl", hash = "sha256:60fa43be34f78bebb27812ed90f1925ec99560b0fa1decdb7d12b84d857d31e9", size = 4272119, upload-time = "2025-09-22T04:04:51.801Z" },
    { url = "https://files.pythonhosted.org/packages/f0/d0/3020fa12bcec4ab62f97aab026d57c2f0cfd480a558758d9ca233bb6a79d/lxml-6.0.2-pp311-pypy311_pp73-manylinux_2_26_x86_64.manylinux_2_28_x86_64.whl", hash = "sha256:21c73b476d3cfe836be731225ec3421fa2f048d84f6df6a8e70433dff1376d5a", size = 4417314, upload-time = "2025-09-22T04:04:55.024Z" },
    { url = "https://files.pythonhosted.org/packages/6c/77/d7f491cbc05303ac6801651aabeb262d43f319288c1ea96c66b1d2692ff3/lxml-6.0.2-pp311-pypy311_pp73-win_amd64.whl", hash = "sha256:27220da5be049e936c3aca06f174e8827ca6445a4353a1995584311487fc4e3e", size = 3518768, upload-time = "2025-09-22T04:04:57.097Z" },
]

[[package]]
name = "markdown"
version = "3.10.2"
source = { registry = "https://pypi.org/simple" }
sdist = { url = "https://files.pythonhosted.org/packages/2b/f4/69fa6ed85ae003c2378ffa8f6d2e3234662abd02c10d216c0ba96081a238/markdown-3.10.2.tar.gz", hash = "sha256:994d51325d25ad8aa7ce4ebaec003febcce822c3f8c911e3b17c52f7f589f950", size = 368805, upload-time = "2026-02-09T14:57:26.942Z" }
wheels = [
    { url = "https://files.pythonhosted.org/packages/de/1f/77fa3081e4f66ca3576c896ae5d31c3002ac6607f9747d2e3aa49227e464/markdown-3.10.2-py3-none-any.whl", hash = "sha256:e91464b71ae3ee7afd3017d9f358ef0baf158fd9a298db92f1d4761133824c36", size = 108180, upload-time = "2026-02-09T14:57:25.787Z" },
]

[[package]]
name = "markdown-it-py"
version = "4.0.0"
source = { registry = "https://pypi.org/simple" }
dependencies = [
    { name = "mdurl" },
]
sdist = { url = "https://files.pythonhosted.org/packages/5b/f5/4ec618ed16cc4f8fb3b701563655a69816155e79e24a17b651541804721d/markdown_it_py-4.0.0.tar.gz", hash = "sha256:cb0a2b4aa34f932c007117b194e945bd74e0ec24133ceb5bac59009cda1cb9f3", size = 73070, upload-time = "2025-08-11T12:57:52.854Z" }
wheels = [
    { url = "https://files.pythonhosted.org/packages/94/54/e7d793b573f298e1c9013b8c4dade17d481164aa517d1d7148619c2cedbf/markdown_it_py-4.0.0-py3-none-any.whl", hash = "sha256:87327c59b172c5011896038353a81343b6754500a08cd7a4973bb48c6d578147", size = 87321, upload-time = "2025-08-11T12:57:51.923Z" },
]

[[package]]
name = "markupsafe"
version = "3.0.3"
source = { registry = "https://pypi.org/simple" }
sdist = { url = "https://files.pythonhosted.org/packages/7e/99/7690b6d4034fffd95959cbe0c02de8deb3098cc577c67bb6a24fe5d7caa7/markupsafe-3.0.3.tar.gz", hash = "sha256:722695808f4b6457b320fdc131280796bdceb04ab50fe1795cd540799ebe1698", size = 80313, upload-time = "2025-09-27T18:37:40.426Z" }
wheels = [
    { url = "https://files.pythonhosted.org/packages/08/db/fefacb2136439fc8dd20e797950e749aa1f4997ed584c62cfb8ef7c2be0e/markupsafe-3.0.3-cp311-cp311-macosx_10_9_x86_64.whl", hash = "sha256:1cc7ea17a6824959616c525620e387f6dd30fec8cb44f649e31712db02123dad", size = 11631, upload-time = "2025-09-27T18:36:18.185Z" },
    { url = "https://files.pythonhosted.org/packages/e1/2e/5898933336b61975ce9dc04decbc0a7f2fee78c30353c5efba7f2d6ff27a/markupsafe-3.0.3-cp311-cp311-macosx_11_0_arm64.whl", hash = "sha256:4bd4cd07944443f5a265608cc6aab442e4f74dff8088b0dfc8238647b8f6ae9a", size = 12058, upload-time = "2025-09-27T18:36:19.444Z" },
    { url = "https://files.pythonhosted.org/packages/1d/09/adf2df3699d87d1d8184038df46a9c80d78c0148492323f4693df54e17bb/markupsafe-3.0.3-cp311-cp311-manylinux2014_aarch64.manylinux_2_17_aarch64.manylinux_2_28_aarch64.whl", hash = "sha256:6b5420a1d9450023228968e7e6a9ce57f65d148ab56d2313fcd589eee96a7a50", size = 24287, upload-time = "2025-09-27T18:36:20.768Z" },
    { url = "https://files.pythonhosted.org/packages/30/ac/0273f6fcb5f42e314c6d8cd99effae6a5354604d461b8d392b5ec9530a54/markupsafe-3.0.3-cp311-cp311-manylinux2014_x86_64.manylinux_2_17_x86_64.manylinux_2_28_x86_64.whl", hash = "sha256:0bf2a864d67e76e5c9a34dc26ec616a66b9888e25e7b9460e1c76d3293bd9dbf", size = 22940, upload-time = "2025-09-27T18:36:22.249Z" },
    { url = "https://files.pythonhosted.org/packages/19/ae/31c1be199ef767124c042c6c3e904da327a2f7f0cd63a0337e1eca2967a8/markupsafe-3.0.3-cp311-cp311-manylinux_2_31_riscv64.manylinux_2_39_riscv64.whl", hash = "sha256:bc51efed119bc9cfdf792cdeaa4d67e8f6fcccab66ed4bfdd6bde3e59bfcbb2f", size = 21887, upload-time = "2025-09-27T18:36:23.535Z" },
    { url = "https://files.pythonhosted.org/packages/b2/76/7edcab99d5349a4532a459e1fe64f0b0467a3365056ae550d3bcf3f79e1e/markupsafe-3.0.3-cp311-cp311-musllinux_1_2_aarch64.whl", hash = "sha256:068f375c472b3e7acbe2d5318dea141359e6900156b5b2ba06a30b169086b91a", size = 23692, upload-time = "2025-09-27T18:36:24.823Z" },
    { url = "https://files.pythonhosted.org/packages/a4/28/6e74cdd26d7514849143d69f0bf2399f929c37dc2b31e6829fd2045b2765/markupsafe-3.0.3-cp311-cp311-musllinux_1_2_riscv64.whl", hash = "sha256:7be7b61bb172e1ed687f1754f8e7484f1c8019780f6f6b0786e76bb01c2ae115", size = 21471, upload-time = "2025-09-27T18:36:25.95Z" },
    { url = "https://files.pythonhosted.org/packages/62/7e/a145f36a5c2945673e590850a6f8014318d5577ed7e5920a4b3448e0865d/markupsafe-3.0.3-cp311-cp311-musllinux_1_2_x86_64.whl", hash = "sha256:f9e130248f4462aaa8e2552d547f36ddadbeaa573879158d721bbd33dfe4743a", size = 22923, upload-time = "2025-09-27T18:36:27.109Z" },
    { url = "https://files.pythonhosted.org/packages/0f/62/d9c46a7f5c9adbeeeda52f5b8d802e1094e9717705a645efc71b0913a0a8/markupsafe-3.0.3-cp311-cp311-win32.whl", hash = "sha256:0db14f5dafddbb6d9208827849fad01f1a2609380add406671a26386cdf15a19", size = 14572, upload-time = "2025-09-27T18:36:28.045Z" },
    { url = "https://files.pythonhosted.org/packages/83/8a/4414c03d3f891739326e1783338e48fb49781cc915b2e0ee052aa490d586/markupsafe-3.0.3-cp311-cp311-win_amd64.whl", hash = "sha256:de8a88e63464af587c950061a5e6a67d3632e36df62b986892331d4620a35c01", size = 15077, upload-time = "2025-09-27T18:36:29.025Z" },
    { url = "https://files.pythonhosted.org/packages/35/73/893072b42e6862f319b5207adc9ae06070f095b358655f077f69a35601f0/markupsafe-3.0.3-cp311-cp311-win_arm64.whl", hash = "sha256:3b562dd9e9ea93f13d53989d23a7e775fdfd1066c33494ff43f5418bc8c58a5c", size = 13876, upload-time = "2025-09-27T18:36:29.954Z" },
]

[[package]]
name = "mdurl"
version = "0.1.2"
source = { registry = "https://pypi.org/simple" }
sdist = { url = "https://files.pythonhosted.org/packages/d6/54/cfe61301667036ec958cb99bd3efefba235e65cdeb9c84d24a8293ba1d90/mdurl-0.1.2.tar.gz", hash = "sha256:bb413d29f5eea38f31dd4754dd7377d4465116fb207585f97bf925588687c1ba", size = 8729, upload-time = "2022-08-14T12:40:10.846Z" }
wheels = [
    { url = "https://files.pythonhosted.org/packages/b3/38/89ba8ad64ae25be8de66a6d463314cf1eb366222074cfda9ee839c56a4b4/mdurl-0.1.2-py3-none-any.whl", hash = "sha256:84008a41e51615a49fc9966191ff91509e3c40b939176e643fd50a5c2196b8f8", size = 9979, upload-time = "2022-08-14T12:40:09.779Z" },
]

[[package]]
name = "packaging"
version = "26.0"
source = { registry = "https://pypi.org/simple" }
sdist = { url = "https://files.pythonhosted.org/packages/65/ee/299d360cdc32edc7d2cf530f3accf79c4fca01e96ffc950d8a52213bd8e4/packaging-26.0.tar.gz", hash = "sha256:00243ae351a257117b6a241061796684b084ed1c516a08c48a3f7e147a9d80b4", size = 143416, upload-time = "2026-01-21T20:50:39.064Z" }
wheels = [
    { url = "https://files.pythonhosted.org/packages/b7/b9/c538f279a4e237a006a2c98387d081e9eb060d203d8ed34467cc0f0b9b53/packaging-26.0-py3-none-any.whl", hash = "sha256:b36f1fef9334a5588b4166f8bcd26a14e521f2b55e6b9de3aaa80d3ff7a37529", size = 74366, upload-time = "2026-01-21T20:50:37.788Z" },
]

[[package]]
name = "pexpect"
version = "4.9.0"
source = { registry = "https://pypi.org/simple" }
dependencies = [
    { name = "ptyprocess" },
]
sdist = { url = "https://files.pythonhosted.org/packages/42/92/cc564bf6381ff43ce1f4d06852fc19a2f11d180f23dc32d9588bee2f149d/pexpect-4.9.0.tar.gz", hash = "sha256:ee7d41123f3c9911050ea2c2dac107568dc43b2d3b0c7557a33212c398ead30f", size = 166450, upload-time = "2023-11-25T09:07:26.339Z" }
wheels = [
    { url = "https://files.pythonhosted.org/packages/9e/c3/059298687310d527a58bb01f3b1965787ee3b40dce76752eda8b44e9a2c5/pexpect-4.9.0-py2.py3-none-any.whl", hash = "sha256:7236d1e080e4936be2dc3e326cec0af72acf9212a7e1d060210e70a47e253523", size = 63772, upload-time = "2023-11-25T06:56:14.81Z" },
]

[[package]]
name = "pluggy"
version = "1.6.0"
source = { registry = "https://pypi.org/simple" }
sdist = { url = "https://files.pythonhosted.org/packages/f9/e2/3e91f31a7d2b083fe6ef3fa267035b518369d9511ffab804f839851d2779/pluggy-1.6.0.tar.gz", hash = "sha256:7dcc130b76258d33b90f61b658791dede3486c3e6bfb003ee5c9bfb396dd22f3", size = 69412, upload-time = "2025-05-15T12:30:07.975Z" }
wheels = [
    { url = "https://files.pythonhosted.org/packages/54/20/4d324d65cc6d9205fabedc306948156824eb9f0ee1633355a8f7ec5c66bf/pluggy-1.6.0-py3-none-any.whl", hash = "sha256:e920276dd6813095e9377c0bc5566d94c932c33b27a3e3945d8389c374dd4746", size = 20538, upload-time = "2025-05-15T12:30:06.134Z" },
]

[[package]]
name = "ptyprocess"
version = "0.7.0"
source = { registry = "https://pypi.org/simple" }
sdist = { url = "https://files.pythonhosted.org/packages/20/e5/16ff212c1e452235a90aeb09066144d0c5a6a8c0834397e03f5224495c4e/ptyprocess-0.7.0.tar.gz", hash = "sha256:5c5d0a3b48ceee0b48485e0c26037c0acd7d29765ca3fbb5cb3831d347423220", size = 70762, upload-time = "2020-12-28T15:15:30.155Z" }
wheels = [
    { url = "https://files.pythonhosted.org/packages/22/a6/858897256d0deac81a172289110f31629fc4cee19b6f01283303e18c8db3/ptyprocess-0.7.0-py2.py3-none-any.whl", hash = "sha256:4b41f3967fce3af57cc7e94b888626c18bf37a083e3651ca8feeb66d492fef35", size = 13993, upload-time = "2020-12-28T15:15:28.35Z" },
]

[[package]]
name = "pygments"
version = "2.19.2"
source = { registry = "https://pypi.org/simple" }
sdist = { url = "https://files.pythonhosted.org/packages/b0/77/a5b8c569bf593b0140bde72ea885a803b82086995367bf2037de0159d924/pygments-2.19.2.tar.gz", hash = "sha256:636cb2477cec7f8952536970bc533bc43743542f70392ae026374600add5b887", size = 4968631, upload-time = "2025-06-21T13:39:12.283Z" }
wheels = [
    { url = "https://files.pythonhosted.org/packages/c7/21/705964c7812476f378728bdf590ca4b771ec72385c533964653c68e86bdc/pygments-2.19.2-py3-none-any.whl", hash = "sha256:86540386c03d588bb81d44bc3928634ff26449851e99741617ecb9037ee5ec0b", size = 1225217, upload-time = "2025-06-21T13:39:07.939Z" },
]

[[package]]
name = "pytest"
version = "9.0.2"
source = { registry = "https://pypi.org/simple" }
dependencies = [
    { name = "colorama", marker = "sys_platform == 'win32'" },
    { name = "iniconfig" },
    { name = "packaging" },
    { name = "pluggy" },
    { name = "pygments" },
]
sdist = { url = "https://files.pythonhosted.org/packages/d1/db/7ef3487e0fb0049ddb5ce41d3a49c235bf9ad299b6a25d5780a89f19230f/pytest-9.0.2.tar.gz", hash = "sha256:75186651a92bd89611d1d9fc20f0b4345fd827c41ccd5c299a868a05d70edf11", size = 1568901, upload-time = "2025-12-06T21:30:51.014Z" }
wheels = [
    { url = "https://files.pythonhosted.org/packages/3b/ab/b3226f0bd7cdcf710fbede2b3548584366da3b19b5021e74f5bde2a8fa3f/pytest-9.0.2-py3-none-any.whl", hash = "sha256:711ffd45bf766d5264d487b917733b453d917afd2b0ad65223959f59089f875b", size = 374801, upload-time = "2025-12-06T21:30:49.154Z" },
]

[[package]]
name = "python-dateutil"
version = "2.9.0.post0"
source = { registry = "https://pypi.org/simple" }
dependencies = [
    { name = "six" },
]
sdist = { url = "https://files.pythonhosted.org/packages/66/c0/0c8b6ad9f17a802ee498c46e004a0eb49bc148f2fd230864601a86dcf6db/python-dateutil-2.9.0.post0.tar.gz", hash = "sha256:37dd54208da7e1cd875388217d5e00ebd4179249f90fb72437e91a35459a0ad3", size = 342432, upload-time = "2024-03-01T18:36:20.211Z" }
wheels = [
    { url = "https://files.pythonhosted.org/packages/ec/57/56b9bcc3c9c6a792fcbaf139543cee77261f3651ca9da0c93f5c1221264b/python_dateutil-2.9.0.post0-py2.py3-none-any.whl", hash = "sha256:a8b2bc7bffae282281c8140a97d3aa9c14da0b136dfe83f850eea9a5f7470427", size = 229892, upload-time = "2024-03-01T18:36:18.57Z" },
]

[[package]]
name = "python-slugify"
version = "8.0.4"
source = { registry = "https://pypi.org/simple" }
dependencies = [
    { name = "text-unidecode" },
]
sdist = { url = "https://files.pythonhosted.org/packages/87/c7/5e1547c44e31da50a460df93af11a535ace568ef89d7a811069ead340c4a/python-slugify-8.0.4.tar.gz", hash = "sha256:59202371d1d05b54a9e7720c5e038f928f45daaffe41dd10822f3907b937c856", size = 10921, upload-time = "2024-02-08T18:32:45.488Z" }
wheels = [
    { url = "https://files.pythonhosted.org/packages/a4/62/02da182e544a51a5c3ccf4b03ab79df279f9c60c5e82d5e8bec7ca26ac11/python_slugify-8.0.4-py2.py3-none-any.whl", hash = "sha256:276540b79961052b66b7d116620b36518847f52d5fd9e3a70164fc8c50faa6b8", size = 10051, upload-time = "2024-02-08T18:32:43.911Z" },
]

[[package]]
name = "pyyaml"
version = "6.0.3"
source = { registry = "https://pypi.org/simple" }
sdist = { url = "https://files.pythonhosted.org/packages/05/8e/961c0007c59b8dd7729d542c61a4d537767a59645b82a0b521206e1e25c2/pyyaml-6.0.3.tar.gz", hash = "sha256:d76623373421df22fb4cf8817020cbb7ef15c725b9d5e45f17e189bfc384190f", size = 130960, upload-time = "2025-09-25T21:33:16.546Z" }
wheels = [
    { url = "https://files.pythonhosted.org/packages/6d/16/a95b6757765b7b031c9374925bb718d55e0a9ba8a1b6a12d25962ea44347/pyyaml-6.0.3-cp311-cp311-macosx_10_13_x86_64.whl", hash = "sha256:44edc647873928551a01e7a563d7452ccdebee747728c1080d881d68af7b997e", size = 185826, upload-time = "2025-09-25T21:31:58.655Z" },
    { url = "https://files.pythonhosted.org/packages/16/19/13de8e4377ed53079ee996e1ab0a9c33ec2faf808a4647b7b4c0d46dd239/pyyaml-6.0.3-cp311-cp311-macosx_11_0_arm64.whl", hash = "sha256:652cb6edd41e718550aad172851962662ff2681490a8a711af6a4d288dd96824", size = 175577, upload-time = "2025-09-25T21:32:00.088Z" },
    { url = "https://files.pythonhosted.org/packages/0c/62/d2eb46264d4b157dae1275b573017abec435397aa59cbcdab6fc978a8af4/pyyaml-6.0.3-cp311-cp311-manylinux2014_aarch64.manylinux_2_17_aarch64.manylinux_2_28_aarch64.whl", hash = "sha256:10892704fc220243f5305762e276552a0395f7beb4dbf9b14ec8fd43b57f126c", size = 775556, upload-time = "2025-09-25T21:32:01.31Z" },
    { url = "https://files.pythonhosted.org/packages/10/cb/16c3f2cf3266edd25aaa00d6c4350381c8b012ed6f5276675b9eba8d9ff4/pyyaml-6.0.3-cp311-cp311-manylinux2014_s390x.manylinux_2_17_s390x.manylinux_2_28_s390x.whl", hash = "sha256:850774a7879607d3a6f50d36d04f00ee69e7fc816450e5f7e58d7f17f1ae5c00", size = 882114, upload-time = "2025-09-25T21:32:03.376Z" },
    { url = "https://files.pythonhosted.org/packages/71/60/917329f640924b18ff085ab889a11c763e0b573da888e8404ff486657602/pyyaml-6.0.3-cp311-cp311-manylinux2014_x86_64.manylinux_2_17_x86_64.manylinux_2_28_x86_64.whl", hash = "sha256:b8bb0864c5a28024fac8a632c443c87c5aa6f215c0b126c449ae1a150412f31d", size = 806638, upload-time = "2025-09-25T21:32:04.553Z" },
    { url = "https://files.pythonhosted.org/packages/dd/6f/529b0f316a9fd167281a6c3826b5583e6192dba792dd55e3203d3f8e655a/pyyaml-6.0.3-cp311-cp311-musllinux_1_2_aarch64.whl", hash = "sha256:1d37d57ad971609cf3c53ba6a7e365e40660e3be0e5175fa9f2365a379d6095a", size = 767463, upload-time = "2025-09-25T21:32:06.152Z" },
    { url = "https://files.pythonhosted.org/packages/f2/6a/b627b4e0c1dd03718543519ffb2f1deea4a1e6d42fbab8021936a4d22589/pyyaml-6.0.3-cp311-cp311-musllinux_1_2_x86_64.whl", hash = "sha256:37503bfbfc9d2c40b344d06b2199cf0e96e97957ab1c1b546fd4f87e53e5d3e4", size = 794986, upload-time = "2025-09-25T21:32:07.367Z" },
    { url = "https://files.pythonhosted.org/packages/45/91/47a6e1c42d9ee337c4839208f30d9f09caa9f720ec7582917b264defc875/pyyaml-6.0.3-cp311-cp311-win32.whl", hash = "sha256:8098f252adfa6c80ab48096053f512f2321f0b998f98150cea9bd23d83e1467b", size = 142543, upload-time = "2025-09-25T21:32:08.95Z" },
    { url = "https://files.pythonhosted.org/packages/da/e3/ea007450a105ae919a72393cb06f122f288ef60bba2dc64b26e2646fa315/pyyaml-6.0.3-cp311-cp311-win_amd64.whl", hash = "sha256:9f3bfb4965eb874431221a3ff3fdcddc7e74e3b07799e0e84ca4a0f867d449bf", size = 158763, upload-time = "2025-09-25T21:32:09.96Z" },
]

[[package]]
name = "requests"
version = "2.32.5"
source = { registry = "https://pypi.org/simple" }
dependencies = [
    { name = "certifi" },
    { name = "charset-normalizer" },
    { name = "idna" },
    { name = "urllib3" },
]
sdist = { url = "https://files.pythonhosted.org/packages/c9/74/b3ff8e6c8446842c3f5c837e9c3dfcfe2018ea6ecef224c710c85ef728f4/requests-2.32.5.tar.gz", hash = "sha256:dbba0bac56e100853db0ea71b82b4dfd5fe2bf6d3754a8893c3af500cec7d7cf", size = 134517, upload-time = "2025-08-18T20:46:02.573Z" }
wheels = [
    { url = "https://files.pythonhosted.org/packages/1e/db/4254e3eabe8020b458f1a747140d32277ec7a271daf1d235b70dc0b4e6e3/requests-2.32.5-py3-none-any.whl", hash = "sha256:2462f94637a34fd532264295e186976db0f5d453d1cdd31473c85a6a161affb6", size = 64738, upload-time = "2025-08-18T20:46:00.542Z" },
]

[[package]]
name = "rich"
version = "14.3.3"
source = { registry = "https://pypi.org/simple" }
dependencies = [
    { name = "markdown-it-py" },
    { name = "pygments" },
]
sdist = { url = "https://files.pythonhosted.org/packages/b3/c6/f3b320c27991c46f43ee9d856302c70dc2d0fb2dba4842ff739d5f46b393/rich-14.3.3.tar.gz", hash = "sha256:b8daa0b9e4eef54dd8cf7c86c03713f53241884e814f4e2f5fb342fe520f639b", size = 230582, upload-time = "2026-02-19T17:23:12.474Z" }
wheels = [
    { url = "https://files.pythonhosted.org/packages/14/25/b208c5683343959b670dc001595f2f3737e051da617f66c31f7c4fa93abc/rich-14.3.3-py3-none-any.whl", hash = "sha256:793431c1f8619afa7d3b52b2cdec859562b950ea0d4b6b505397612db8d5362d", size = 310458, upload-time = "2026-02-19T17:23:13.732Z" },
]

[[package]]
name = "six"
version = "1.17.0"
source = { registry = "https://pypi.org/simple" }
sdist = { url = "https://files.pythonhosted.org/packages/94/e7/b2c673351809dca68a0e064b6af791aa332cf192da575fd474ed7d6f16a2/six-1.17.0.tar.gz", hash = "sha256:ff70335d468e7eb6ec65b95b99d3a2836546063f63acc5171de367e834932a81", size = 34031, upload-time = "2024-12-04T17:35:28.174Z" }
wheels = [
    { url = "https://files.pythonhosted.org/packages/b7/ce/149a00dd41f10bc29e5921b496af8b574d8413afcd5e30dfa0ed46c2cc5e/six-1.17.0-py2.py3-none-any.whl", hash = "sha256:4721f391ed90541fddacab5acf947aa0d3dc7d27b2e1e8eda2be8970586c3274", size = 11050, upload-time = "2024-12-04T17:35:26.475Z" },
]

[[package]]
name = "text-unidecode"
version = "1.3"
source = { registry = "https://pypi.org/simple" }
sdist = { url = "https://files.pythonhosted.org/packages/ab/e2/e9a00f0ccb71718418230718b3d900e71a5d16e701a3dae079a21e9cd8f8/text-unidecode-1.3.tar.gz", hash = "sha256:bad6603bb14d279193107714b288be206cac565dfa49aa5b105294dd5c4aab93", size = 76885, upload-time = "2019-08-30T21:36:45.405Z" }
wheels = [
    { url = "https://files.pythonhosted.org/packages/a6/a5/c0b6468d3824fe3fde30dbb5e1f687b291608f9473681bbf7dabbf5a87d7/text_unidecode-1.3-py2.py3-none-any.whl", hash = "sha256:1311f10e8b895935241623731c2ba64f4c455287888b18189350b67134a822e8", size = 78154, upload-time = "2019-08-30T21:37:03.543Z" },
]

[[package]]
name = "tzdata"
version = "2025.3"
source = { registry = "https://pypi.org/simple" }
sdist = { url = "https://files.pythonhosted.org/packages/5e/a7/c202b344c5ca7daf398f3b8a477eeb205cf3b6f32e7ec3a6bac0629ca975/tzdata-2025.3.tar.gz", hash = "sha256:de39c2ca5dc7b0344f2eba86f49d614019d29f060fc4ebc8a417896a620b56a7", size = 196772, upload-time = "2025-12-13T17:45:35.667Z" }
wheels = [
    { url = "https://files.pythonhosted.org/packages/c7/b0/003792df09decd6849a5e39c28b513c06e84436a54440380862b5aeff25d/tzdata-2025.3-py2.py3-none-any.whl", hash = "sha256:06a47e5700f3081aab02b2e513160914ff0694bce9947d6b76ebd6bf57cfc5d1", size = 348521, upload-time = "2025-12-13T17:45:33.889Z" },
]

[[package]]
name = "urllib3"
version = "2.6.3"
source = { registry = "https://pypi.org/simple" }
sdist = { url = "https://files.pythonhosted.org/packages/c7/24/5f1b3bdffd70275f6661c76461e25f024d5a38a46f04aaca912426a2b1d3/urllib3-2.6.3.tar.gz", hash = "sha256:1b62b6884944a57dbe321509ab94fd4d3b307075e0c2eae991ac71ee15ad38ed", size = 435556, upload-time = "2026-01-07T16:24:43.925Z" }
wheels = [
    { url = "https://files.pythonhosted.org/packages/39/08/aaaad47bc4e9dc8c725e68f9d04865dbcb2052843ff09c97b08904852d84/urllib3-2.6.3-py3-none-any.whl", hash = "sha256:bf272323e553dfb2e87d9bfd225ca7b0f467b919d7bbd355436d3fd37cb0acd4", size = 131584, upload-time = "2026-01-07T16:24:42.685Z" },
]
